
Microsoft Visual Studio Solution File, Format Version 12.00
# Visual Studio 2013
VisualStudioVersion = 12.0.40629.0
MinimumVisualStudioVersion = 10.0.40219.1
Project("{FAE04EC0-301F-11D3-BF4B-00C04F79EFBC}") = "Supermarket.Client", "Supermarket.Client\Supermarket.Client.csproj", "{82BAABFB-63A5-4713-8097-8DDC8E843ABF}"
EndProject
Project("{FAE04EC0-301F-11D3-BF4B-00C04F79EFBC}") = "SqlSupermarketEntities", "SqlSupermarketEntities\SqlSupermarketEntities.csproj", "{145F7A9C-A6BB-4CA7-986C-7EFECD546A22}"
EndProject
Project("{FAE04EC0-301F-11D3-BF4B-00C04F79EFBC}") = "JsonAndMongoDbExporter", "JsonAndMongoDbExporter\JsonAndMongoDbExporter.csproj", "{1FCF73C5-2B85-4BBB-A15B-3A831F582CDA}"
EndProject
Project("{FAE04EC0-301F-11D3-BF4B-00C04F79EFBC}") = "MySqlEntities", "MySqlEntities\MySqlEntities.csproj", "{DA0CF775-8E7B-4D16-A5D2-27A2DB0258C8}"
EndProject
Project("{FAE04EC0-301F-11D3-BF4B-00C04F79EFBC}") = "OracleEntities", "OracleEntities\OracleEntities.csproj", "{09A526E1-BADA-4D31-9710-037205D97296}"
EndProject
Project("{2150E333-8FDC-42A3-9474-1A3956D46DE8}") = "Oracle", "Oracle", "{537DD4DA-2535-448B-A150-EB66923BC561}"
EndProject
Project("{FAE04EC0-301F-11D3-BF4B-00C04F79EFBC}") = "Oracle.Data", "Oracle.Data\Oracle.Data.csproj", "{784A9078-EDB3-47B5-A827-9D70CAEB0404}"
EndProject
Project("{FAE04EC0-301F-11D3-BF4B-00C04F79EFBC}") = "OracleImporter", "OracleImporter\OracleImporter.csproj", "{8E78391C-FC22-4881-8E19-B0B3CBD02746}"
EndProject
Project("{2150E333-8FDC-42A3-9474-1A3956D46DE8}") = "MsSql", "MsSql", "{2C9CC354-E342-4057-A954-9A5C4C1D3B87}"
EndProject
Project("{FAE04EC0-301F-11D3-BF4B-00C04F79EFBC}") = "MsSql.Data", "MsSql.Data\MsSql.Data.csproj", "{F981726E-6ABD-4FC8-AF1F-A8F9995C7513}"
EndProject
Project("{FAE04EC0-301F-11D3-BF4B-00C04F79EFBC}") = "MsSql.Models", "MsSql.Models\MsSql.Models.csproj", "{176ABC5C-56F8-4D24-A761-DB937FA9939F}"
EndProject
Project("{FAE04EC0-301F-11D3-BF4B-00C04F79EFBC}") = "ExcelImporter", "ExcelImporter\ExcelImporter.csproj", "{EFA7E31A-A84E-422D-A412-34108CB04692}"
EndProject
Global
	GlobalSection(SolutionConfigurationPlatforms) = preSolution
		Debug|Any CPU = Debug|Any CPU
		Release|Any CPU = Release|Any CPU
	EndGlobalSection
	GlobalSection(ProjectConfigurationPlatforms) = postSolution
		{82BAABFB-63A5-4713-8097-8DDC8E843ABF}.Debug|Any CPU.ActiveCfg = Debug|Any CPU
		{82BAABFB-63A5-4713-8097-8DDC8E843ABF}.Debug|Any CPU.Build.0 = Debug|Any CPU
		{82BAABFB-63A5-4713-8097-8DDC8E843ABF}.Release|Any CPU.ActiveCfg = Release|Any CPU
		{82BAABFB-63A5-4713-8097-8DDC8E843ABF}.Release|Any CPU.Build.0 = Release|Any CPU
		{145F7A9C-A6BB-4CA7-986C-7EFECD546A22}.Debug|Any CPU.ActiveCfg = Debug|Any CPU
		{145F7A9C-A6BB-4CA7-986C-7EFECD546A22}.Debug|Any CPU.Build.0 = Debug|Any CPU
		{145F7A9C-A6BB-4CA7-986C-7EFECD546A22}.Release|Any CPU.ActiveCfg = Release|Any CPU
		{145F7A9C-A6BB-4CA7-986C-7EFECD546A22}.Release|Any CPU.Build.0 = Release|Any CPU
		{1FCF73C5-2B85-4BBB-A15B-3A831F582CDA}.Debug|Any CPU.ActiveCfg = Debug|Any CPU
		{1FCF73C5-2B85-4BBB-A15B-3A831F582CDA}.Debug|Any CPU.Build.0 = Debug|Any CPU
		{1FCF73C5-2B85-4BBB-A15B-3A831F582CDA}.Release|Any CPU.ActiveCfg = Release|Any CPU
		{1FCF73C5-2B85-4BBB-A15B-3A831F582CDA}.Release|Any CPU.Build.0 = Release|Any CPU
		{DA0CF775-8E7B-4D16-A5D2-27A2DB0258C8}.Debug|Any CPU.ActiveCfg = Debug|Any CPU
		{DA0CF775-8E7B-4D16-A5D2-27A2DB0258C8}.Debug|Any CPU.Build.0 = Debug|Any CPU
		{DA0CF775-8E7B-4D16-A5D2-27A2DB0258C8}.Release|Any CPU.ActiveCfg = Release|Any CPU
		{DA0CF775-8E7B-4D16-A5D2-27A2DB0258C8}.Release|Any CPU.Build.0 = Release|Any CPU
		{09A526E1-BADA-4D31-9710-037205D97296}.Debug|Any CPU.ActiveCfg = Debug|Any CPU
		{09A526E1-BADA-4D31-9710-037205D97296}.Debug|Any CPU.Build.0 = Debug|Any CPU
		{09A526E1-BADA-4D31-9710-037205D97296}.Release|Any CPU.ActiveCfg = Release|Any CPU
		{09A526E1-BADA-4D31-9710-037205D97296}.Release|Any CPU.Build.0 = Release|Any CPU
		{784A9078-EDB3-47B5-A827-9D70CAEB0404}.Debug|Any CPU.ActiveCfg = Debug|Any CPU
		{784A9078-EDB3-47B5-A827-9D70CAEB0404}.Debug|Any CPU.Build.0 = Debug|Any CPU
		{784A9078-EDB3-47B5-A827-9D70CAEB0404}.Release|Any CPU.ActiveCfg = Release|Any CPU
		{784A9078-EDB3-47B5-A827-9D70CAEB0404}.Release|Any CPU.Build.0 = Release|Any CPU
		{8E78391C-FC22-4881-8E19-B0B3CBD02746}.Debug|Any CPU.ActiveCfg = Debug|Any CPU
		{8E78391C-FC22-4881-8E19-B0B3CBD02746}.Debug|Any CPU.Build.0 = Debug|Any CPU
		{8E78391C-FC22-4881-8E19-B0B3CBD02746}.Release|Any CPU.ActiveCfg = Release|Any CPU
		{8E78391C-FC22-4881-8E19-B0B3CBD02746}.Release|Any CPU.Build.0 = Release|Any CPU
		{F981726E-6ABD-4FC8-AF1F-A8F9995C7513}.Debug|Any CPU.ActiveCfg = Debug|Any CPU
		{F981726E-6ABD-4FC8-AF1F-A8F9995C7513}.Debug|Any CPU.Build.0 = Debug|Any CPU
		{F981726E-6ABD-4FC8-AF1F-A8F9995C7513}.Release|Any CPU.ActiveCfg = Release|Any CPU
		{F981726E-6ABD-4FC8-AF1F-A8F9995C7513}.Release|Any CPU.Build.0 = Release|Any CPU
		{176ABC5C-56F8-4D24-A761-DB937FA9939F}.Debug|Any CPU.ActiveCfg = Debug|Any CPU
		{176ABC5C-56F8-4D24-A761-DB937FA9939F}.Debug|Any CPU.Build.0 = Debug|Any CPU
		{176ABC5C-56F8-4D24-A761-DB937FA9939F}.Release|Any CPU.ActiveCfg = Release|Any CPU
		{176ABC5C-56F8-4D24-A761-DB937FA9939F}.Release|Any CPU.Build.0 = Release|Any CPU
		{EFA7E31A-A84E-422D-A412-34108CB04692}.Debug|Any CPU.ActiveCfg = Debug|Any CPU
		{EFA7E31A-A84E-422D-A412-34108CB04692}.Debug|Any CPU.Build.0 = Debug|Any CPU
		{EFA7E31A-A84E-422D-A412-34108CB04692}.Release|Any CPU.ActiveCfg = Release|Any CPU
		{EFA7E31A-A84E-422D-A412-34108CB04692}.Release|Any CPU.Build.0 = Release|Any CPU
	EndGlobalSection
	GlobalSection(SolutionProperties) = preSolution
		HideSolutionNode = FALSE
	EndGlobalSection
	GlobalSection(NestedProjects) = preSolution
		{784A9078-EDB3-47B5-A827-9D70CAEB0404} = {537DD4DA-2535-448B-A150-EB66923BC561}
		{8E78391C-FC22-4881-8E19-B0B3CBD02746} = {537DD4DA-2535-448B-A150-EB66923BC561}
		{F981726E-6ABD-4FC8-AF1F-A8F9995C7513} = {2C9CC354-E342-4057-A954-9A5C4C1D3B87}
		{176ABC5C-56F8-4D24-A761-DB937FA9939F} = {2C9CC354-E342-4057-A954-9A5C4C1D3B87}
		{EFA7E31A-A84E-422D-A412-34108CB04692} = {2C9CC354-E342-4057-A954-9A5C4C1D3B87}
	EndGlobalSection
EndGlobal
