
Microsoft Visual Studio Solution File, Format Version 12.00
# Visual Studio 2013
VisualStudioVersion = 12.0.21005.1
MinimumVisualStudioVersion = 10.0.40219.1
Project("{FAE04EC0-301F-11D3-BF4B-00C04F79EFBC}") = "Supermarket.Client", "Supermarket.Client\Supermarket.Client.csproj", "{82BAABFB-63A5-4713-8097-8DDC8E843ABF}"
EndProject
Project("{FAE04EC0-301F-11D3-BF4B-00C04F79EFBC}") = "JsonAndMongoDbExporter", "JsonAndMongoDbExporter\JsonAndMongoDbExporter.csproj", "{1FCF73C5-2B85-4BBB-A15B-3A831F582CDA}"
EndProject
Project("{2150E333-8FDC-42A3-9474-1A3956D46DE8}") = "Oracle", "Oracle", "{537DD4DA-2535-448B-A150-EB66923BC561}"
EndProject
Project("{FAE04EC0-301F-11D3-BF4B-00C04F79EFBC}") = "Oracle.Data", "Oracle.Data\Oracle.Data.csproj", "{784A9078-EDB3-47B5-A827-9D70CAEB0404}"
EndProject
Project("{FAE04EC0-301F-11D3-BF4B-00C04F79EFBC}") = "OracleImporter", "OracleImporter\OracleImporter.csproj", "{8E78391C-FC22-4881-8E19-B0B3CBD02746}"
EndProject
Project("{2150E333-8FDC-42A3-9474-1A3956D46DE8}") = "MsSql", "MsSql", "{2C9CC354-E342-4057-A954-9A5C4C1D3B87}"
EndProject
Project("{FAE04EC0-301F-11D3-BF4B-00C04F79EFBC}") = "MsSql.Data", "MsSql.Data\MsSql.Data.csproj", "{F981726E-6ABD-4FC8-AF1F-A8F9995C7513}"
EndProject
Project("{FAE04EC0-301F-11D3-BF4B-00C04F79EFBC}") = "MsSql.Models", "MsSql.Models\MsSql.Models.csproj", "{176ABC5C-56F8-4D24-A761-DB937FA9939F}"
EndProject
Project("{FAE04EC0-301F-11D3-BF4B-00C04F79EFBC}") = "ExcelImporter", "ExcelImporter\ExcelImporter.csproj", "{EFA7E31A-A84E-422D-A412-34108CB04692}"
EndProject
Project("{FAE04EC0-301F-11D3-BF4B-00C04F79EFBC}") = "PdfGenerator", "PdfGenerator\PdfGenerator.csproj", "{D420C3E2-F258-4CAC-9143-E54D48EDE2E3}"
EndProject
Project("{2150E333-8FDC-42A3-9474-1A3956D46DE8}") = "MySql", "MySql", "{4FB8A2F3-143D-43D4-918C-CE91385F0BD9}"
EndProject
Project("{FAE04EC0-301F-11D3-BF4B-00C04F79EFBC}") = "MySql.Models", "MySql.Models\MySql.Models.csproj", "{72AE98C3-0D07-449D-9C8E-8F1880C52D85}"
EndProject
Project("{FAE04EC0-301F-11D3-BF4B-00C04F79EFBC}") = "MySql.Contex", "MySql.Contex\MySql.Contex.csproj", "{9B2469A4-F8A6-4AFE-BB9A-913CB5AB95A8}"
EndProject
Project("{FAE04EC0-301F-11D3-BF4B-00C04F79EFBC}") = "MySql.Options", "MySql.Options\MySql.Options.csproj", "{3ED08524-B748-416B-B450-85E764CAC0B1}"
EndProject
Project("{2150E333-8FDC-42A3-9474-1A3956D46DE8}") = "Xml", "Xml", "{6AA4E6EA-115D-45E7-87C8-09F90FD97614}"
EndProject
Project("{FAE04EC0-301F-11D3-BF4B-00C04F79EFBC}") = "XmlGenerator", "XmlGenerator\XmlGenerator.csproj", "{9F2F52AE-D353-4EA7-91F7-251E8CA2BEA7}"
EndProject
Project("{FAE04EC0-301F-11D3-BF4B-00C04F79EFBC}") = "XmlLoader", "XmlLoader\XmlLoader.csproj", "{151F0D57-564D-4094-B618-8F2C7644AAB3}"
EndProject
Global
	GlobalSection(SolutionConfigurationPlatforms) = preSolution
		Debug|Any CPU = Debug|Any CPU
		Release|Any CPU = Release|Any CPU
	EndGlobalSection
	GlobalSection(ProjectConfigurationPlatforms) = postSolution
		{82BAABFB-63A5-4713-8097-8DDC8E843ABF}.Debug|Any CPU.ActiveCfg = Debug|Any CPU
		{82BAABFB-63A5-4713-8097-8DDC8E843ABF}.Debug|Any CPU.Build.0 = Debug|Any CPU
		{82BAABFB-63A5-4713-8097-8DDC8E843ABF}.Release|Any CPU.ActiveCfg = Release|Any CPU
		{82BAABFB-63A5-4713-8097-8DDC8E843ABF}.Release|Any CPU.Build.0 = Release|Any CPU
		{1FCF73C5-2B85-4BBB-A15B-3A831F582CDA}.Debug|Any CPU.ActiveCfg = Debug|Any CPU
		{1FCF73C5-2B85-4BBB-A15B-3A831F582CDA}.Debug|Any CPU.Build.0 = Debug|Any CPU
		{1FCF73C5-2B85-4BBB-A15B-3A831F582CDA}.Release|Any CPU.ActiveCfg = Release|Any CPU
		{1FCF73C5-2B85-4BBB-A15B-3A831F582CDA}.Release|Any CPU.Build.0 = Release|Any CPU
		{784A9078-EDB3-47B5-A827-9D70CAEB0404}.Debug|Any CPU.ActiveCfg = Debug|Any CPU
		{784A9078-EDB3-47B5-A827-9D70CAEB0404}.Debug|Any CPU.Build.0 = Debug|Any CPU
		{784A9078-EDB3-47B5-A827-9D70CAEB0404}.Release|Any CPU.ActiveCfg = Release|Any CPU
		{784A9078-EDB3-47B5-A827-9D70CAEB0404}.Release|Any CPU.Build.0 = Release|Any CPU
		{8E78391C-FC22-4881-8E19-B0B3CBD02746}.Debug|Any CPU.ActiveCfg = Debug|Any CPU
		{8E78391C-FC22-4881-8E19-B0B3CBD02746}.Debug|Any CPU.Build.0 = Debug|Any CPU
		{8E78391C-FC22-4881-8E19-B0B3CBD02746}.Release|Any CPU.ActiveCfg = Release|Any CPU
		{8E78391C-FC22-4881-8E19-B0B3CBD02746}.Release|Any CPU.Build.0 = Release|Any CPU
		{F981726E-6ABD-4FC8-AF1F-A8F9995C7513}.Debug|Any CPU.ActiveCfg = Debug|Any CPU
		{F981726E-6ABD-4FC8-AF1F-A8F9995C7513}.Debug|Any CPU.Build.0 = Debug|Any CPU
		{F981726E-6ABD-4FC8-AF1F-A8F9995C7513}.Release|Any CPU.ActiveCfg = Release|Any CPU
		{F981726E-6ABD-4FC8-AF1F-A8F9995C7513}.Release|Any CPU.Build.0 = Release|Any CPU
		{176ABC5C-56F8-4D24-A761-DB937FA9939F}.Debug|Any CPU.ActiveCfg = Debug|Any CPU
		{176ABC5C-56F8-4D24-A761-DB937FA9939F}.Debug|Any CPU.Build.0 = Debug|Any CPU
		{176ABC5C-56F8-4D24-A761-DB937FA9939F}.Release|Any CPU.ActiveCfg = Release|Any CPU
		{176ABC5C-56F8-4D24-A761-DB937FA9939F}.Release|Any CPU.Build.0 = Release|Any CPU
		{EFA7E31A-A84E-422D-A412-34108CB04692}.Debug|Any CPU.ActiveCfg = Debug|Any CPU
		{EFA7E31A-A84E-422D-A412-34108CB04692}.Debug|Any CPU.Build.0 = Debug|Any CPU
		{EFA7E31A-A84E-422D-A412-34108CB04692}.Release|Any CPU.ActiveCfg = Release|Any CPU
		{EFA7E31A-A84E-422D-A412-34108CB04692}.Release|Any CPU.Build.0 = Release|Any CPU
		{D420C3E2-F258-4CAC-9143-E54D48EDE2E3}.Debug|Any CPU.ActiveCfg = Debug|Any CPU
		{D420C3E2-F258-4CAC-9143-E54D48EDE2E3}.Debug|Any CPU.Build.0 = Debug|Any CPU
		{D420C3E2-F258-4CAC-9143-E54D48EDE2E3}.Release|Any CPU.ActiveCfg = Release|Any CPU
		{D420C3E2-F258-4CAC-9143-E54D48EDE2E3}.Release|Any CPU.Build.0 = Release|Any CPU
		{72AE98C3-0D07-449D-9C8E-8F1880C52D85}.Debug|Any CPU.ActiveCfg = Debug|Any CPU
		{72AE98C3-0D07-449D-9C8E-8F1880C52D85}.Debug|Any CPU.Build.0 = Debug|Any CPU
		{72AE98C3-0D07-449D-9C8E-8F1880C52D85}.Release|Any CPU.ActiveCfg = Release|Any CPU
		{72AE98C3-0D07-449D-9C8E-8F1880C52D85}.Release|Any CPU.Build.0 = Release|Any CPU
		{9B2469A4-F8A6-4AFE-BB9A-913CB5AB95A8}.Debug|Any CPU.ActiveCfg = Debug|Any CPU
		{9B2469A4-F8A6-4AFE-BB9A-913CB5AB95A8}.Debug|Any CPU.Build.0 = Debug|Any CPU
		{9B2469A4-F8A6-4AFE-BB9A-913CB5AB95A8}.Release|Any CPU.ActiveCfg = Release|Any CPU
		{9B2469A4-F8A6-4AFE-BB9A-913CB5AB95A8}.Release|Any CPU.Build.0 = Release|Any CPU
		{3ED08524-B748-416B-B450-85E764CAC0B1}.Debug|Any CPU.ActiveCfg = Debug|Any CPU
		{3ED08524-B748-416B-B450-85E764CAC0B1}.Debug|Any CPU.Build.0 = Debug|Any CPU
		{3ED08524-B748-416B-B450-85E764CAC0B1}.Release|Any CPU.ActiveCfg = Release|Any CPU
		{3ED08524-B748-416B-B450-85E764CAC0B1}.Release|Any CPU.Build.0 = Release|Any CPU
		{9F2F52AE-D353-4EA7-91F7-251E8CA2BEA7}.Debug|Any CPU.ActiveCfg = Debug|Any CPU
		{9F2F52AE-D353-4EA7-91F7-251E8CA2BEA7}.Debug|Any CPU.Build.0 = Debug|Any CPU
		{9F2F52AE-D353-4EA7-91F7-251E8CA2BEA7}.Release|Any CPU.ActiveCfg = Release|Any CPU
		{9F2F52AE-D353-4EA7-91F7-251E8CA2BEA7}.Release|Any CPU.Build.0 = Release|Any CPU
		{151F0D57-564D-4094-B618-8F2C7644AAB3}.Debug|Any CPU.ActiveCfg = Debug|Any CPU
		{151F0D57-564D-4094-B618-8F2C7644AAB3}.Debug|Any CPU.Build.0 = Debug|Any CPU
		{151F0D57-564D-4094-B618-8F2C7644AAB3}.Release|Any CPU.ActiveCfg = Release|Any CPU
		{151F0D57-564D-4094-B618-8F2C7644AAB3}.Release|Any CPU.Build.0 = Release|Any CPU
	EndGlobalSection
	GlobalSection(SolutionProperties) = preSolution
		HideSolutionNode = FALSE
	EndGlobalSection
	GlobalSection(NestedProjects) = preSolution
		{784A9078-EDB3-47B5-A827-9D70CAEB0404} = {537DD4DA-2535-448B-A150-EB66923BC561}
		{8E78391C-FC22-4881-8E19-B0B3CBD02746} = {537DD4DA-2535-448B-A150-EB66923BC561}
		{F981726E-6ABD-4FC8-AF1F-A8F9995C7513} = {2C9CC354-E342-4057-A954-9A5C4C1D3B87}
		{176ABC5C-56F8-4D24-A761-DB937FA9939F} = {2C9CC354-E342-4057-A954-9A5C4C1D3B87}
		{EFA7E31A-A84E-422D-A412-34108CB04692} = {2C9CC354-E342-4057-A954-9A5C4C1D3B87}
		{D420C3E2-F258-4CAC-9143-E54D48EDE2E3} = {2C9CC354-E342-4057-A954-9A5C4C1D3B87}
		{72AE98C3-0D07-449D-9C8E-8F1880C52D85} = {4FB8A2F3-143D-43D4-918C-CE91385F0BD9}
		{9B2469A4-F8A6-4AFE-BB9A-913CB5AB95A8} = {4FB8A2F3-143D-43D4-918C-CE91385F0BD9}
		{3ED08524-B748-416B-B450-85E764CAC0B1} = {4FB8A2F3-143D-43D4-918C-CE91385F0BD9}
		{9F2F52AE-D353-4EA7-91F7-251E8CA2BEA7} = {6AA4E6EA-115D-45E7-87C8-09F90FD97614}
		{151F0D57-564D-4094-B618-8F2C7644AAB3} = {6AA4E6EA-115D-45E7-87C8-09F90FD97614}
	EndGlobalSection
EndGlobal
